
Microsoft Visual Studio Solution File, Format Version 12.00
# Visual Studio Version 17
VisualStudioVersion = 17.3.32929.385
MinimumVisualStudioVersion = 10.0.40219.1
Project("{9A19103F-16F7-4668-BE54-9A1E7A4F7556}") = "BulkDeleteUtil", "BulkDeleteUtil.csproj", "{94D62D36-0710-48B5-A64C-86E7FE149AD8}"
EndProject
Global
	GlobalSection(SolutionConfigurationPlatforms) = preSolution
		Debug|Any CPU = Debug|Any CPU
		Release|Any CPU = Release|Any CPU
	EndGlobalSection
	GlobalSection(ProjectConfigurationPlatforms) = postSolution
		{94D62D36-0710-48B5-A64C-86E7FE149AD8}.Debug|Any CPU.ActiveCfg = Debug|Any CPU
		{94D62D36-0710-48B5-A64C-86E7FE149AD8}.Debug|Any CPU.Build.0 = Debug|Any CPU
		{94D62D36-0710-48B5-A64C-86E7FE149AD8}.Release|Any CPU.ActiveCfg = Release|Any CPU
		{94D62D36-0710-48B5-A64C-86E7FE149AD8}.Release|Any CPU.Build.0 = Release|Any CPU
	EndGlobalSection
	GlobalSection(SolutionProperties) = preSolution
		HideSolutionNode = FALSE
	EndGlobalSection
	GlobalSection(ExtensibilityGlobals) = postSolution
		SolutionGuid = {62CBCEC0-047A-4A4F-8E8E-72E08212B5E9}
	EndGlobalSection
EndGlobal
